
Microsoft Visual Studio Solution File, Format Version 12.00
# Visual Studio 2013
VisualStudioVersion = 12.0.30723.0
MinimumVisualStudioVersion = 10.0.40219.1
Project("{FAE04EC0-301F-11D3-BF4B-00C04F79EFBC}") = "SSW.Owin.AppClaimsModule", "SSW.Owin.AppClaimsModule\SSW.Owin.AppClaimsModule.csproj", "{25087247-4883-403B-89A4-8F8446C0EF86}"
EndProject
Project("{2150E333-8FDC-42A3-9474-1A3956D46DE8}") = "Solution Items", "Solution Items", "{09D76C70-049E-4F6F-AA02-96ABE3B1C9C3}"
	ProjectSection(SolutionItems) = preProject
		.gitattributes = .gitattributes
		.gitignore = .gitignore
	EndProjectSection
EndProject
Project("{FAE04EC0-301F-11D3-BF4B-00C04F79EFBC}") = "SSW.Owin.AppClaimsModule.Example", "SSW.Owin.AppClaimsModule.Example\SSW.Owin.AppClaimsModule.Example.csproj", "{597392A5-4190-46AE-B4E4-842E5F05423A}"
EndProject
Project("{FAE04EC0-301F-11D3-BF4B-00C04F79EFBC}") = "SSW.Owin.AppClaimsAuthorization.Mvc", "SSW.Owin.AppClaimsAuthorization.Mvc\SSW.Owin.AppClaimsAuthorization.Mvc.csproj", "{CE877743-179E-48C5-BE36-7E61787BA1AA}"
EndProject
Project("{FAE04EC0-301F-11D3-BF4B-00C04F79EFBC}") = "SSW.Owin.AppClaimsAuthorization.WebApi", "SSW.Owin.AppClaimsAuthorization.WebApi\SSW.Owin.AppClaimsAuthorization.WebApi.csproj", "{799F35BE-039E-48E3-B998-A0BAD1A79A53}"
EndProject
Global
	GlobalSection(SolutionConfigurationPlatforms) = preSolution
		Debug|Any CPU = Debug|Any CPU
		Release|Any CPU = Release|Any CPU
	EndGlobalSection
	GlobalSection(ProjectConfigurationPlatforms) = postSolution
		{25087247-4883-403B-89A4-8F8446C0EF86}.Debug|Any CPU.ActiveCfg = Debug|Any CPU
		{25087247-4883-403B-89A4-8F8446C0EF86}.Debug|Any CPU.Build.0 = Debug|Any CPU
		{25087247-4883-403B-89A4-8F8446C0EF86}.Release|Any CPU.ActiveCfg = Release|Any CPU
		{25087247-4883-403B-89A4-8F8446C0EF86}.Release|Any CPU.Build.0 = Release|Any CPU
		{597392A5-4190-46AE-B4E4-842E5F05423A}.Debug|Any CPU.ActiveCfg = Debug|Any CPU
		{597392A5-4190-46AE-B4E4-842E5F05423A}.Debug|Any CPU.Build.0 = Debug|Any CPU
		{597392A5-4190-46AE-B4E4-842E5F05423A}.Release|Any CPU.ActiveCfg = Release|Any CPU
		{597392A5-4190-46AE-B4E4-842E5F05423A}.Release|Any CPU.Build.0 = Release|Any CPU
		{CE877743-179E-48C5-BE36-7E61787BA1AA}.Debug|Any CPU.ActiveCfg = Debug|Any CPU
		{CE877743-179E-48C5-BE36-7E61787BA1AA}.Debug|Any CPU.Build.0 = Debug|Any CPU
		{CE877743-179E-48C5-BE36-7E61787BA1AA}.Release|Any CPU.ActiveCfg = Release|Any CPU
		{CE877743-179E-48C5-BE36-7E61787BA1AA}.Release|Any CPU.Build.0 = Release|Any CPU
		{799F35BE-039E-48E3-B998-A0BAD1A79A53}.Debug|Any CPU.ActiveCfg = Debug|Any CPU
		{799F35BE-039E-48E3-B998-A0BAD1A79A53}.Debug|Any CPU.Build.0 = Debug|Any CPU
		{799F35BE-039E-48E3-B998-A0BAD1A79A53}.Release|Any CPU.ActiveCfg = Release|Any CPU
		{799F35BE-039E-48E3-B998-A0BAD1A79A53}.Release|Any CPU.Build.0 = Release|Any CPU
	EndGlobalSection
	GlobalSection(SolutionProperties) = preSolution
		HideSolutionNode = FALSE
	EndGlobalSection
EndGlobal
